
Microsoft Visual Studio Solution File, Format Version 12.00
# Visual Studio 15
VisualStudioVersion = 15.0.26430.16
MinimumVisualStudioVersion = 10.0.40219.1
Project("{FAE04EC0-301F-11D3-BF4B-00C04F79EFBC}") = "HubDemo", "HubDemo\HubDemo.csproj", "{BEB52EE5-B287-41D5-AE7E-D876018B237F}"
EndProject
Project("{FAE04EC0-301F-11D3-BF4B-00C04F79EFBC}") = "ReadMessagesHub", "ReadMessagesHub\ReadMessagesHub.csproj", "{E56E015F-C8A6-4218-8CAD-7FE1B2981269}"
EndProject
Project("{FAE04EC0-301F-11D3-BF4B-00C04F79EFBC}") = "SendHubMessages", "SendHubMessages\SendHubMessages.csproj", "{CACA207E-5B5D-4908-A4A2-B90BA02F658E}"
EndProject
Project("{FAE04EC0-301F-11D3-BF4B-00C04F79EFBC}") = "ServiceBusTopic", "ServiceBusTopic\ServiceBusTopic.csproj", "{8336F0C2-8730-45E6-A70C-2FB393B495D2}"
EndProject
Project("{FAE04EC0-301F-11D3-BF4B-00C04F79EFBC}") = "ReadServiceBusTopic", "ReadServiceBusTopic\ReadServiceBusTopic.csproj", "{95F32ECB-E20C-40CD-98C2-3964D1708F5F}"
EndProject
Project("{2150E333-8FDC-42A3-9474-1A3956D46DE8}") = "ServiceBusTopics", "ServiceBusTopics", "{9FFCFDAD-3D9C-4553-8950-953595072313}"
EndProject
Project("{2150E333-8FDC-42A3-9474-1A3956D46DE8}") = "ServiceBusQueue", "ServiceBusQueue", "{C0FA91D5-344E-4150-8645-B092AEA0374B}"
EndProject
Project("{FAE04EC0-301F-11D3-BF4B-00C04F79EFBC}") = "SendServiceBusQue", "SendServiceBusQue\SendServiceBusQue.csproj", "{C57119B9-ADC0-4853-99BD-4C373FDA5AE3}"
EndProject
Project("{FAE04EC0-301F-11D3-BF4B-00C04F79EFBC}") = "ReadServiceBusQue", "ReadServiceBusQue\ReadServiceBusQue.csproj", "{E5CE5EC6-8A0E-48B7-8234-72F3722CF621}"
EndProject
Project("{FAE04EC0-301F-11D3-BF4B-00C04F79EFBC}") = "AzureFunctionCalling", "AzureFunctionCalling\AzureFunctionCalling.csproj", "{93AD201C-371E-46F6-87FF-BD2380AA8BB6}"
EndProject
Project("{FAE04EC0-301F-11D3-BF4B-00C04F79EFBC}") = "AzureADWebApp", "AzureADWebApp\AzureADWebApp.csproj", "{636F3F04-EC7F-4B2C-B7B5-63617C2F5DE9}"
EndProject
Project("{FAE04EC0-301F-11D3-BF4B-00C04F79EFBC}") = "RetryPattern", "RetryPattern\RetryPattern.csproj", "{32E113DF-33A2-49A0-A389-B9E97CBA25BA}"
EndProject
Project("{FAE04EC0-301F-11D3-BF4B-00C04F79EFBC}") = "Azure.Wrapper", "Azure.Wrapper\Azure.Wrapper.csproj", "{F6710722-3A34-4640-B9E4-B814E7DA44DC}"
EndProject
Project("{FAE04EC0-301F-11D3-BF4B-00C04F79EFBC}") = "Azure", "Azure\Azure.csproj", "{B25EEF3F-2A17-456A-BA49-A1C39D369D69}"
EndProject
Project("{FAE04EC0-301F-11D3-BF4B-00C04F79EFBC}") = "SampleWebAPI", "SampleWebAPI\SampleWebAPI.csproj", "{05EF551E-A5AE-495B-AE6D-19FCD7163307}"
EndProject
Project("{FAE04EC0-301F-11D3-BF4B-00C04F79EFBC}") = "Log4net", "Log4net\Log4net.csproj", "{CD43C889-D45E-4621-953A-A22F54C57F3B}"
EndProject
Project("{FAE04EC0-301F-11D3-BF4B-00C04F79EFBC}") = "WebApiAuth", "WebApiAuth\WebApiAuth.csproj", "{D5E71F75-CA42-494A-8DF8-21FC49878ABA}"
EndProject
Project("{FAE04EC0-301F-11D3-BF4B-00C04F79EFBC}") = "WebApiAD_Consume", "WebApiAD_Consume\WebApiAD_Consume.csproj", "{87D57D53-AF26-47D8-A303-B708F3115AB3}"
EndProject
Project("{2150E333-8FDC-42A3-9474-1A3956D46DE8}") = "AzureReplay", "AzureReplay", "{71E8666B-B066-42E8-B20A-6A3E1F8184FC}"
EndProject
Project("{FAE04EC0-301F-11D3-BF4B-00C04F79EFBC}") = "Client", "Client\Client.csproj", "{4EDC2BCF-CCAC-4DCB-BA0C-D89FA8F22C58}"
EndProject
Project("{FAE04EC0-301F-11D3-BF4B-00C04F79EFBC}") = "Service", "Service\Service.csproj", "{DCF43188-EA33-4DCF-B041-8DA219376D30}"
	ProjectSection(ProjectDependencies) = postProject
		{4EDC2BCF-CCAC-4DCB-BA0C-D89FA8F22C58} = {4EDC2BCF-CCAC-4DCB-BA0C-D89FA8F22C58}
	EndProjectSection
EndProject
Project("{FAE04EC0-301F-11D3-BF4B-00C04F79EFBC}") = "MoveMsgtoDeadQueue", "MoveMsgtoDeadQueue\MoveMsgtoDeadQueue.csproj", "{FF30D272-D767-445B-997A-A4BA9B41C989}"
EndProject
Project("{FAE04EC0-301F-11D3-BF4B-00C04F79EFBC}") = "PolyRetyPattern", "PolyRetyPattern\PolyRetyPattern.csproj", "{4E227B7B-FEEA-4BDA-A75F-2A0373DD4135}"
EndProject
Global
	GlobalSection(SolutionConfigurationPlatforms) = preSolution
		Debug|Any CPU = Debug|Any CPU
		Release|Any CPU = Release|Any CPU
	EndGlobalSection
	GlobalSection(ProjectConfigurationPlatforms) = postSolution
		{BEB52EE5-B287-41D5-AE7E-D876018B237F}.Debug|Any CPU.ActiveCfg = Debug|Any CPU
		{BEB52EE5-B287-41D5-AE7E-D876018B237F}.Debug|Any CPU.Build.0 = Debug|Any CPU
		{BEB52EE5-B287-41D5-AE7E-D876018B237F}.Release|Any CPU.ActiveCfg = Release|Any CPU
		{BEB52EE5-B287-41D5-AE7E-D876018B237F}.Release|Any CPU.Build.0 = Release|Any CPU
		{E56E015F-C8A6-4218-8CAD-7FE1B2981269}.Debug|Any CPU.ActiveCfg = Debug|Any CPU
		{E56E015F-C8A6-4218-8CAD-7FE1B2981269}.Debug|Any CPU.Build.0 = Debug|Any CPU
		{E56E015F-C8A6-4218-8CAD-7FE1B2981269}.Release|Any CPU.ActiveCfg = Release|Any CPU
		{E56E015F-C8A6-4218-8CAD-7FE1B2981269}.Release|Any CPU.Build.0 = Release|Any CPU
		{CACA207E-5B5D-4908-A4A2-B90BA02F658E}.Debug|Any CPU.ActiveCfg = Debug|Any CPU
		{CACA207E-5B5D-4908-A4A2-B90BA02F658E}.Debug|Any CPU.Build.0 = Debug|Any CPU
		{CACA207E-5B5D-4908-A4A2-B90BA02F658E}.Release|Any CPU.ActiveCfg = Release|Any CPU
		{CACA207E-5B5D-4908-A4A2-B90BA02F658E}.Release|Any CPU.Build.0 = Release|Any CPU
		{8336F0C2-8730-45E6-A70C-2FB393B495D2}.Debug|Any CPU.ActiveCfg = Debug|Any CPU
		{8336F0C2-8730-45E6-A70C-2FB393B495D2}.Debug|Any CPU.Build.0 = Debug|Any CPU
		{8336F0C2-8730-45E6-A70C-2FB393B495D2}.Release|Any CPU.ActiveCfg = Release|Any CPU
		{8336F0C2-8730-45E6-A70C-2FB393B495D2}.Release|Any CPU.Build.0 = Release|Any CPU
		{95F32ECB-E20C-40CD-98C2-3964D1708F5F}.Debug|Any CPU.ActiveCfg = Debug|Any CPU
		{95F32ECB-E20C-40CD-98C2-3964D1708F5F}.Debug|Any CPU.Build.0 = Debug|Any CPU
		{95F32ECB-E20C-40CD-98C2-3964D1708F5F}.Release|Any CPU.ActiveCfg = Release|Any CPU
		{95F32ECB-E20C-40CD-98C2-3964D1708F5F}.Release|Any CPU.Build.0 = Release|Any CPU
		{C57119B9-ADC0-4853-99BD-4C373FDA5AE3}.Debug|Any CPU.ActiveCfg = Debug|Any CPU
		{C57119B9-ADC0-4853-99BD-4C373FDA5AE3}.Debug|Any CPU.Build.0 = Debug|Any CPU
		{C57119B9-ADC0-4853-99BD-4C373FDA5AE3}.Release|Any CPU.ActiveCfg = Release|Any CPU
		{C57119B9-ADC0-4853-99BD-4C373FDA5AE3}.Release|Any CPU.Build.0 = Release|Any CPU
		{E5CE5EC6-8A0E-48B7-8234-72F3722CF621}.Debug|Any CPU.ActiveCfg = Debug|Any CPU
		{E5CE5EC6-8A0E-48B7-8234-72F3722CF621}.Debug|Any CPU.Build.0 = Debug|Any CPU
		{E5CE5EC6-8A0E-48B7-8234-72F3722CF621}.Release|Any CPU.ActiveCfg = Release|Any CPU
		{E5CE5EC6-8A0E-48B7-8234-72F3722CF621}.Release|Any CPU.Build.0 = Release|Any CPU
		{93AD201C-371E-46F6-87FF-BD2380AA8BB6}.Debug|Any CPU.ActiveCfg = Debug|Any CPU
		{93AD201C-371E-46F6-87FF-BD2380AA8BB6}.Debug|Any CPU.Build.0 = Debug|Any CPU
		{93AD201C-371E-46F6-87FF-BD2380AA8BB6}.Release|Any CPU.ActiveCfg = Release|Any CPU
		{93AD201C-371E-46F6-87FF-BD2380AA8BB6}.Release|Any CPU.Build.0 = Release|Any CPU
		{636F3F04-EC7F-4B2C-B7B5-63617C2F5DE9}.Debug|Any CPU.ActiveCfg = Debug|Any CPU
		{636F3F04-EC7F-4B2C-B7B5-63617C2F5DE9}.Debug|Any CPU.Build.0 = Debug|Any CPU
		{636F3F04-EC7F-4B2C-B7B5-63617C2F5DE9}.Release|Any CPU.ActiveCfg = Release|Any CPU
		{636F3F04-EC7F-4B2C-B7B5-63617C2F5DE9}.Release|Any CPU.Build.0 = Release|Any CPU
		{32E113DF-33A2-49A0-A389-B9E97CBA25BA}.Debug|Any CPU.ActiveCfg = Debug|Any CPU
		{32E113DF-33A2-49A0-A389-B9E97CBA25BA}.Debug|Any CPU.Build.0 = Debug|Any CPU
		{32E113DF-33A2-49A0-A389-B9E97CBA25BA}.Release|Any CPU.ActiveCfg = Release|Any CPU
		{32E113DF-33A2-49A0-A389-B9E97CBA25BA}.Release|Any CPU.Build.0 = Release|Any CPU
		{F6710722-3A34-4640-B9E4-B814E7DA44DC}.Debug|Any CPU.ActiveCfg = Debug|Any CPU
		{F6710722-3A34-4640-B9E4-B814E7DA44DC}.Debug|Any CPU.Build.0 = Debug|Any CPU
		{F6710722-3A34-4640-B9E4-B814E7DA44DC}.Release|Any CPU.ActiveCfg = Release|Any CPU
		{F6710722-3A34-4640-B9E4-B814E7DA44DC}.Release|Any CPU.Build.0 = Release|Any CPU
		{B25EEF3F-2A17-456A-BA49-A1C39D369D69}.Debug|Any CPU.ActiveCfg = Debug|Any CPU
		{B25EEF3F-2A17-456A-BA49-A1C39D369D69}.Debug|Any CPU.Build.0 = Debug|Any CPU
		{B25EEF3F-2A17-456A-BA49-A1C39D369D69}.Release|Any CPU.ActiveCfg = Release|Any CPU
		{B25EEF3F-2A17-456A-BA49-A1C39D369D69}.Release|Any CPU.Build.0 = Release|Any CPU
		{05EF551E-A5AE-495B-AE6D-19FCD7163307}.Debug|Any CPU.ActiveCfg = Debug|Any CPU
		{05EF551E-A5AE-495B-AE6D-19FCD7163307}.Debug|Any CPU.Build.0 = Debug|Any CPU
		{05EF551E-A5AE-495B-AE6D-19FCD7163307}.Release|Any CPU.ActiveCfg = Release|Any CPU
		{05EF551E-A5AE-495B-AE6D-19FCD7163307}.Release|Any CPU.Build.0 = Release|Any CPU
		{CD43C889-D45E-4621-953A-A22F54C57F3B}.Debug|Any CPU.ActiveCfg = Debug|Any CPU
		{CD43C889-D45E-4621-953A-A22F54C57F3B}.Debug|Any CPU.Build.0 = Debug|Any CPU
		{CD43C889-D45E-4621-953A-A22F54C57F3B}.Release|Any CPU.ActiveCfg = Release|Any CPU
		{CD43C889-D45E-4621-953A-A22F54C57F3B}.Release|Any CPU.Build.0 = Release|Any CPU
		{D5E71F75-CA42-494A-8DF8-21FC49878ABA}.Debug|Any CPU.ActiveCfg = Debug|Any CPU
		{D5E71F75-CA42-494A-8DF8-21FC49878ABA}.Debug|Any CPU.Build.0 = Debug|Any CPU
		{D5E71F75-CA42-494A-8DF8-21FC49878ABA}.Release|Any CPU.ActiveCfg = Release|Any CPU
		{D5E71F75-CA42-494A-8DF8-21FC49878ABA}.Release|Any CPU.Build.0 = Release|Any CPU
		{87D57D53-AF26-47D8-A303-B708F3115AB3}.Debug|Any CPU.ActiveCfg = Debug|Any CPU
		{87D57D53-AF26-47D8-A303-B708F3115AB3}.Debug|Any CPU.Build.0 = Debug|Any CPU
		{87D57D53-AF26-47D8-A303-B708F3115AB3}.Release|Any CPU.ActiveCfg = Release|Any CPU
		{87D57D53-AF26-47D8-A303-B708F3115AB3}.Release|Any CPU.Build.0 = Release|Any CPU
		{4EDC2BCF-CCAC-4DCB-BA0C-D89FA8F22C58}.Debug|Any CPU.ActiveCfg = Debug|Any CPU
		{4EDC2BCF-CCAC-4DCB-BA0C-D89FA8F22C58}.Debug|Any CPU.Build.0 = Debug|Any CPU
		{4EDC2BCF-CCAC-4DCB-BA0C-D89FA8F22C58}.Release|Any CPU.ActiveCfg = Release|Any CPU
		{4EDC2BCF-CCAC-4DCB-BA0C-D89FA8F22C58}.Release|Any CPU.Build.0 = Release|Any CPU
		{DCF43188-EA33-4DCF-B041-8DA219376D30}.Debug|Any CPU.ActiveCfg = Debug|Any CPU
		{DCF43188-EA33-4DCF-B041-8DA219376D30}.Debug|Any CPU.Build.0 = Debug|Any CPU
		{DCF43188-EA33-4DCF-B041-8DA219376D30}.Release|Any CPU.ActiveCfg = Release|Any CPU
		{DCF43188-EA33-4DCF-B041-8DA219376D30}.Release|Any CPU.Build.0 = Release|Any CPU
		{FF30D272-D767-445B-997A-A4BA9B41C989}.Debug|Any CPU.ActiveCfg = Debug|Any CPU
		{FF30D272-D767-445B-997A-A4BA9B41C989}.Debug|Any CPU.Build.0 = Debug|Any CPU
		{FF30D272-D767-445B-997A-A4BA9B41C989}.Release|Any CPU.ActiveCfg = Release|Any CPU
		{FF30D272-D767-445B-997A-A4BA9B41C989}.Release|Any CPU.Build.0 = Release|Any CPU
		{4E227B7B-FEEA-4BDA-A75F-2A0373DD4135}.Debug|Any CPU.ActiveCfg = Debug|Any CPU
		{4E227B7B-FEEA-4BDA-A75F-2A0373DD4135}.Debug|Any CPU.Build.0 = Debug|Any CPU
		{4E227B7B-FEEA-4BDA-A75F-2A0373DD4135}.Release|Any CPU.ActiveCfg = Release|Any CPU
		{4E227B7B-FEEA-4BDA-A75F-2A0373DD4135}.Release|Any CPU.Build.0 = Release|Any CPU
	EndGlobalSection
	GlobalSection(SolutionProperties) = preSolution
		HideSolutionNode = FALSE
	EndGlobalSection
	GlobalSection(NestedProjects) = preSolution
		{8336F0C2-8730-45E6-A70C-2FB393B495D2} = {9FFCFDAD-3D9C-4553-8950-953595072313}
		{95F32ECB-E20C-40CD-98C2-3964D1708F5F} = {9FFCFDAD-3D9C-4553-8950-953595072313}
		{C57119B9-ADC0-4853-99BD-4C373FDA5AE3} = {C0FA91D5-344E-4150-8645-B092AEA0374B}
		{E5CE5EC6-8A0E-48B7-8234-72F3722CF621} = {C0FA91D5-344E-4150-8645-B092AEA0374B}
		{4EDC2BCF-CCAC-4DCB-BA0C-D89FA8F22C58} = {71E8666B-B066-42E8-B20A-6A3E1F8184FC}
		{DCF43188-EA33-4DCF-B041-8DA219376D30} = {71E8666B-B066-42E8-B20A-6A3E1F8184FC}
		{FF30D272-D767-445B-997A-A4BA9B41C989} = {C0FA91D5-344E-4150-8645-B092AEA0374B}
	EndGlobalSection
EndGlobal
